Microsoft Visual Studio Solution File, Format Version 11.00
# Visual Studio 2008

Project("{97043DC1-DD6A-FFF1-9FE0-525D607CDF44}") = "Hexlock Prototype v1.8.7", "Assembly-CSharp-vs.csproj", "{648130CB-3513-F61D-9988-C07A8B58FA7C}"
EndProject
Project("{97043DC1-DD6A-FFF1-9FE0-525D607CDF44}") = "Hexlock Prototype v1.8.7", "Assembly-CSharp-Editor-vs.csproj", "{C958E3E9-E530-A6EA-50D2-62164D38D22C}"
EndProject
Global
	GlobalSection(SolutionConfigurationPlatforms) = preSolution
		Debug|Any CPU = Debug|Any CPU
		Release|Any CPU = Release|Any CPU
	EndGlobalSection
	GlobalSection(ProjectConfigurationPlatforms) = postSolution
		{648130CB-3513-F61D-9988-C07A8B58FA7C}.Debug|Any CPU.ActiveCfg = Debug|Any CPU
		{648130CB-3513-F61D-9988-C07A8B58FA7C}.Debug|Any CPU.Build.0 = Debug|Any CPU
		{648130CB-3513-F61D-9988-C07A8B58FA7C}.Release|Any CPU.ActiveCfg = Release|Any CPU
		{648130CB-3513-F61D-9988-C07A8B58FA7C}.Release|Any CPU.Build.0 = Release|Any CPU
		{C958E3E9-E530-A6EA-50D2-62164D38D22C}.Debug|Any CPU.ActiveCfg = Debug|Any CPU
		{C958E3E9-E530-A6EA-50D2-62164D38D22C}.Debug|Any CPU.Build.0 = Debug|Any CPU
		{C958E3E9-E530-A6EA-50D2-62164D38D22C}.Release|Any CPU.ActiveCfg = Release|Any CPU
		{C958E3E9-E530-A6EA-50D2-62164D38D22C}.Release|Any CPU.Build.0 = Release|Any CPU
	EndGlobalSection
	GlobalSection(SolutionProperties) = preSolution
		HideSolutionNode = FALSE
	EndGlobalSection
															GlobalSection(MonoDevelopProperties) = preSolution
		StartupItem = Assembly-CSharp.csproj
		Policies = $0
		$0.TextStylePolicy = $1
		$1.inheritsSet = null
		$1.scope = text/x-csharp
		$0.CSharpFormattingPolicy = $2
		$2.inheritsSet = Mono
		$2.inheritsScope = text/x-csharp
		$2.scope = text/x-csharp
		$0.TextStylePolicy = $3
		$3.FileWidth = 120
		$3.TabWidth = 4
		$3.IndentWidth = 4
		$3.EolMarker = Unix
		$3.inheritsSet = Mono
		$3.inheritsScope = text/plain
		$3.scope = text/plain
	EndGlobalSection

EndGlobal
