Microsoft Visual Studio Solution File, Format Version 11.00
# Visual Studio 2008

Project("{3C599EAC-13AF-51D4-E34D-88C826C36A45}") = "Hexlock Prototype v1.8.5", "Assembly-CSharp-vs.csproj", "{254BF705-C0AB-A987-269A-9B378977EA8A}"
EndProject
Project("{3C599EAC-13AF-51D4-E34D-88C826C36A45}") = "Hexlock Prototype v1.8.5", "Assembly-CSharp-Editor-vs.csproj", "{E7BD7B6E-D203-C8E6-61DD-3C3357F73B95}"
EndProject
Global
	GlobalSection(SolutionConfigurationPlatforms) = preSolution
		Debug|Any CPU = Debug|Any CPU
		Release|Any CPU = Release|Any CPU
	EndGlobalSection
	GlobalSection(ProjectConfigurationPlatforms) = postSolution
		{254BF705-C0AB-A987-269A-9B378977EA8A}.Debug|Any CPU.ActiveCfg = Debug|Any CPU
		{254BF705-C0AB-A987-269A-9B378977EA8A}.Debug|Any CPU.Build.0 = Debug|Any CPU
		{254BF705-C0AB-A987-269A-9B378977EA8A}.Release|Any CPU.ActiveCfg = Release|Any CPU
		{254BF705-C0AB-A987-269A-9B378977EA8A}.Release|Any CPU.Build.0 = Release|Any CPU
		{E7BD7B6E-D203-C8E6-61DD-3C3357F73B95}.Debug|Any CPU.ActiveCfg = Debug|Any CPU
		{E7BD7B6E-D203-C8E6-61DD-3C3357F73B95}.Debug|Any CPU.Build.0 = Debug|Any CPU
		{E7BD7B6E-D203-C8E6-61DD-3C3357F73B95}.Release|Any CPU.ActiveCfg = Release|Any CPU
		{E7BD7B6E-D203-C8E6-61DD-3C3357F73B95}.Release|Any CPU.Build.0 = Release|Any CPU
	EndGlobalSection
	GlobalSection(SolutionProperties) = preSolution
		HideSolutionNode = FALSE
	EndGlobalSection
			GlobalSection(MonoDevelopProperties) = preSolution
		StartupItem = Assembly-CSharp.csproj
		Policies = $0
		$0.TextStylePolicy = $1
		$1.inheritsSet = null
		$1.scope = text/x-csharp
		$0.CSharpFormattingPolicy = $2
		$2.inheritsSet = Mono
		$2.inheritsScope = text/x-csharp
		$2.scope = text/x-csharp
		$0.TextStylePolicy = $3
		$3.FileWidth = 120
		$3.TabWidth = 4
		$3.IndentWidth = 4
		$3.EolMarker = Unix
		$3.inheritsSet = Mono
		$3.inheritsScope = text/plain
		$3.scope = text/plain
	EndGlobalSection

EndGlobal
