Microsoft Visual Studio Solution File, Format Version 11.00
# Visual Studio 2008

Project("{AC933EAD-226C-CEDF-1D1E-EB4830109E2D}") = "Hexlock Prototype v1.6.1", "Assembly-CSharp.csproj", "{C43DE015-FFF6-0ADA-5328-37293F6F8BE8}"
EndProject
Project("{AC933EAD-226C-CEDF-1D1E-EB4830109E2D}") = "Hexlock Prototype v1.6.1", "Assembly-CSharp-Editor.csproj", "{AC846B6E-3F4F-BB09-2286-B0EE117B923D}"
EndProject
Global
	GlobalSection(SolutionConfigurationPlatforms) = preSolution
		Debug|Any CPU = Debug|Any CPU
		Release|Any CPU = Release|Any CPU
	EndGlobalSection
	GlobalSection(ProjectConfigurationPlatforms) = postSolution
		{C43DE015-FFF6-0ADA-5328-37293F6F8BE8}.Debug|Any CPU.ActiveCfg = Debug|Any CPU
		{C43DE015-FFF6-0ADA-5328-37293F6F8BE8}.Debug|Any CPU.Build.0 = Debug|Any CPU
		{C43DE015-FFF6-0ADA-5328-37293F6F8BE8}.Release|Any CPU.ActiveCfg = Release|Any CPU
		{C43DE015-FFF6-0ADA-5328-37293F6F8BE8}.Release|Any CPU.Build.0 = Release|Any CPU
		{AC846B6E-3F4F-BB09-2286-B0EE117B923D}.Debug|Any CPU.ActiveCfg = Debug|Any CPU
		{AC846B6E-3F4F-BB09-2286-B0EE117B923D}.Debug|Any CPU.Build.0 = Debug|Any CPU
		{AC846B6E-3F4F-BB09-2286-B0EE117B923D}.Release|Any CPU.ActiveCfg = Release|Any CPU
		{AC846B6E-3F4F-BB09-2286-B0EE117B923D}.Release|Any CPU.Build.0 = Release|Any CPU
	EndGlobalSection
	GlobalSection(SolutionProperties) = preSolution
		HideSolutionNode = FALSE
	EndGlobalSection
							GlobalSection(MonoDevelopProperties) = preSolution
		StartupItem = Assembly-CSharp.csproj
		Policies = $0
		$0.TextStylePolicy = $1
		$1.inheritsSet = null
		$1.scope = text/x-csharp
		$0.CSharpFormattingPolicy = $2
		$2.inheritsSet = Mono
		$2.inheritsScope = text/x-csharp
		$2.scope = text/x-csharp
		$0.TextStylePolicy = $3
		$3.FileWidth = 120
		$3.TabWidth = 4
		$3.IndentWidth = 4
		$3.EolMarker = Unix
		$3.inheritsSet = Mono
		$3.inheritsScope = text/plain
		$3.scope = text/plain
	EndGlobalSection

EndGlobal
